
Microsoft Visual Studio Solution File, Format Version 12.00
# Visual Studio 2012
Project("{8BC9CEB8-8B4A-11D0-8D11-00A0C91BC942}") = "cocoa2dx-lpp", "cocoa2dx-lpp.vcxproj", "{BC64086D-263C-4094-9611-F3AE8046221A}"
EndProject
Global
	GlobalSection(SolutionConfigurationPlatforms) = preSolution
		Debug|Win32 = Debug|Win32
		Release|Win32 = Release|Win32
	EndGlobalSection
	GlobalSection(ProjectConfigurationPlatforms) = postSolution
		{BC64086D-263C-4094-9611-F3AE8046221A}.Debug|Win32.ActiveCfg = Debug|Win32
		{BC64086D-263C-4094-9611-F3AE8046221A}.Debug|Win32.Build.0 = Debug|Win32
		{BC64086D-263C-4094-9611-F3AE8046221A}.Release|Win32.ActiveCfg = Release|Win32
		{BC64086D-263C-4094-9611-F3AE8046221A}.Release|Win32.Build.0 = Release|Win32
	EndGlobalSection
	GlobalSection(SolutionProperties) = preSolution
		HideSolutionNode = FALSE
	EndGlobalSection
EndGlobal
